
Microsoft Visual Studio Solution File, Format Version 11.00
# Visual Studio 2010
Project("{8BC9CEB8-8B4A-11D0-8D11-00A0C91BC942}") = "cmYUV", "cmYUV\cmYUV.vcxproj", "{24E22580-A67F-4A2E-9377-D44E16812377}"
EndProject
Global
	GlobalSection(SolutionConfigurationPlatforms) = preSolution
		Debug|Win32 = Debug|Win32
		Release|Win32 = Release|Win32
	EndGlobalSection
	GlobalSection(ProjectConfigurationPlatforms) = postSolution
		{24E22580-A67F-4A2E-9377-D44E16812377}.Debug|Win32.ActiveCfg = Debug|Win32
		{24E22580-A67F-4A2E-9377-D44E16812377}.Debug|Win32.Build.0 = Debug|Win32
		{24E22580-A67F-4A2E-9377-D44E16812377}.Release|Win32.ActiveCfg = Release|Win32
		{24E22580-A67F-4A2E-9377-D44E16812377}.Release|Win32.Build.0 = Release|Win32
	EndGlobalSection
	GlobalSection(SolutionProperties) = preSolution
		HideSolutionNode = FALSE
	EndGlobalSection
EndGlobal
